
Microsoft Visual Studio Solution File, Format Version 12.00
# Visual Studio Version 16
VisualStudioVersion = 16.0.29215.179
MinimumVisualStudioVersion = 10.0.40219.1
Project("{8BC9CEB8-8B4A-11D0-8D11-00A0C91BC942}") = "ConsultandoDispositivos", "ConsultandoDispositivos\ConsultandoDispositivos.vcxproj", "{4DA34503-3021-4E76-82EA-6D49C43CCC95}"
EndProject
Global
	GlobalSection(SolutionConfigurationPlatforms) = preSolution
		Debug|x64 = Debug|x64
		Release|x64 = Release|x64
	EndGlobalSection
	GlobalSection(ProjectConfigurationPlatforms) = postSolution
		{4DA34503-3021-4E76-82EA-6D49C43CCC95}.Debug|x64.ActiveCfg = Debug|x64
		{4DA34503-3021-4E76-82EA-6D49C43CCC95}.Debug|x64.Build.0 = Debug|x64
		{4DA34503-3021-4E76-82EA-6D49C43CCC95}.Release|x64.ActiveCfg = Release|x64
		{4DA34503-3021-4E76-82EA-6D49C43CCC95}.Release|x64.Build.0 = Release|x64
	EndGlobalSection
	GlobalSection(SolutionProperties) = preSolution
		HideSolutionNode = FALSE
	EndGlobalSection
	GlobalSection(ExtensibilityGlobals) = postSolution
		SolutionGuid = {CD0631F4-5762-4D36-960A-8C8C8DD2117E}
	EndGlobalSection
EndGlobal
